// !$*UTF8*$!
{
	archiveVersion = 1;
	classes = {
	};
	objectVersion = 46;
	objects = {

/* Begin PBXBuildFile section */
		D72DECB11ED3DA3B007018EA /* main.m in Sources */ = {isa = PBXBuildFile; fileRef = D72DECB01ED3DA3B007018EA /* main.m */; };
		D72DECB91ED3DA4E007018EA /* Car.m in Sources */ = {isa = PBXBuildFile; fileRef = D72DECB81ED3DA4E007018EA /* Car.m */; };
		D72DECBC1ED3DA62007018EA /* Toyota.m in Sources */ = {isa = PBXBuildFile; fileRef = D72DECBB1ED3DA62007018EA /* Toyota.m */; };
/* End PBXBuildFile section */

/* Begin PBXCopyFilesBuildPhase section */
		D72DECAB1ED3DA3B007018EA /* CopyFiles */ = {
			isa = PBXCopyFilesBuildPhase;
			buildActionMask = 2147483647;
			dstPath = /usr/share/man/man1/;
			dstSubfolderSpec = 0;
			files = (
			);
			runOnlyForDeploymentPostprocessing = 1;
		};
/* End PBXCopyFilesBuildPhase section */

/* Begin PBXFileReference section */
		D72DECAD1ED3DA3B007018EA /* ToyotasAreCarsToo */ = {isa = PBXFileReference; explicitFileType = "compiled.mach-o.executable"; includeInIndex = 0; path = ToyotasAreCarsToo; sourceTree = BUILT_PRODUCTS_DIR; };
		D72DECB01ED3DA3B007018EA /* main.m */ = {isa = PBXFileReference; lastKnownFileType = sourcecode.c.objc; path = main.m; sourceTree = "<group>"; };
		D72DECB71ED3DA4E007018EA /* Car.h */ = {isa = PBXFileReference; fileEncoding = 4; lastKnownFileType = sourcecode.c.h; path = Car.h; sourceTree = "<group>"; };
		D72DECB81ED3DA4E007018EA /* Car.m */ = {isa = PBXFileReference; fileEncoding = 4; lastKnownFileType = sourcecode.c.objc; path = Car.m; sourceTree = "<group>"; };
		D72DECBA1ED3DA62007018EA /* Toyota.h */ = {isa = PBXFileReference; fileEncoding = 4; lastKnownFileType = sourcecode.c.h; path = Toyota.h; sourceTree = "<group>"; };
		D72DECBB1ED3DA62007018EA /* Toyota.m */ = {isa = PBXFileReference; fileEncoding = 4; lastKnownFileType = sourcecode.c.objc; path = Toyota.m; sourceTree = "<group>"; };
/* End PBXFileReference section */

/* Begin PBXFrameworksBuildPhase section */
		D72DECAA1ED3DA3B007018EA /* Frameworks */ = {
			isa = PBXFrameworksBuildPhase;
			buildActionMask = 2147483647;
			files = (
			);
			runOnlyForDeploymentPostprocessing = 0;
		};
/* End PBXFrameworksBuildPhase section */

/* Begin PBXGroup section */
		D72DECA41ED3DA3B007018EA = {
			isa = PBXGroup;
			children = (
				D72DECAF1ED3DA3B007018EA /* ToyotasAreCarsToo */,
				D72DECAE1ED3DA3B007018EA /* Products */,
			);
			sourceTree = "<group>";
		};
		D72DECAE1ED3DA3B007018EA /* Products */ = {
			isa = PBXGroup;
			children = (
				D72DECAD1ED3DA3B007018EA /* ToyotasAreCarsToo */,
			);
			name = Products;
			sourceTree = "<group>";
		};
		D72DECAF1ED3DA3B007018EA /* ToyotasAreCarsToo */ = {
			isa = PBXGroup;
			children = (
				D72DECB01ED3DA3B007018EA /* main.m */,
				D72DECB71ED3DA4E007018EA /* Car.h */,
				D72DECB81ED3DA4E007018EA /* Car.m */,
				D72DECBA1ED3DA62007018EA /* Toyota.h */,
				D72DECBB1ED3DA62007018EA /* Toyota.m */,
			);
			path = ToyotasAreCarsToo;
			sourceTree = "<group>";
		};
/* End PBXGroup section */

/* Begin PBXNativeTarget section */
		D72DECAC1ED3DA3B007018EA /* ToyotasAreCarsToo */ = {
			isa = PBXNativeTarget;
			buildConfigurationList = D72DECB41ED3DA3B007018EA /* Build configuration list for PBXNativeTarget "ToyotasAreCarsToo" */;
			buildPhases = (
				D72DECA91ED3DA3B007018EA /* Sources */,
				D72DECAA1ED3DA3B007018EA /* Frameworks */,
				D72DECAB1ED3DA3B007018EA /* CopyFiles */,
			);
			buildRules = (
			);
			dependencies = (
			);
			name = ToyotasAreCarsToo;
			productName = ToyotasAreCarsToo;
			productReference = D72DECAD1ED3DA3B007018EA /* ToyotasAreCarsToo */;
			productType = "com.apple.product-type.tool";
		};
/* End PBXNativeTarget section */

/* Begin PBXProject section */
		D72DECA51ED3DA3B007018EA /* Project object */ = {
			isa = PBXProject;
			attributes = {
				LastUpgradeCheck = 0830;
				ORGANIZATIONNAME = "Katrina de Guzman";
				TargetAttributes = {
					D72DECAC1ED3DA3B007018EA = {
						CreatedOnToolsVersion = 8.3.2;
						ProvisioningStyle = Automatic;
					};
				};
			};
			buildConfigurationList = D72DECA81ED3DA3B007018EA /* Build configuration list for PBXProject "ToyotasAreCarsToo" */;
			compatibilityVersion = "Xcode 3.2";
			developmentRegion = English;
			hasScannedForEncodings = 0;
			knownRegions = (
				en,
			);
			mainGroup = D72DECA41ED3DA3B007018EA;
			productRefGroup = D72DECAE1ED3DA3B007018EA /* Products */;
			projectDirPath = "";
			projectRoot = "";
			targets = (
				D72DECAC1ED3DA3B007018EA /* ToyotasAreCarsToo */,
			);
		};
/* End PBXProject section */

/* Begin PBXSourcesBuildPhase section */
		D72DECA91ED3DA3B007018EA /* Sources */ = {
			isa = PBXSourcesBuildPhase;
			buildActionMask = 2147483647;
			files = (
				D72DECBC1ED3DA62007018EA /* Toyota.m in Sources */,
				D72DECB91ED3DA4E007018EA /* Car.m in Sources */,
				D72DECB11ED3DA3B007018EA /* main.m in Sources */,
			);
			runOnlyForDeploymentPostprocessing = 0;
		};
/* End PBXSourcesBuildPhase section */

/* Begin XCBuildConfiguration section */
		D72DECB21ED3DA3B007018EA /* Debug */ = {
			isa = XCBuildConfiguration;
			buildSettings = {
				ALWAYS_SEARCH_USER_PATHS = NO;
				CLANG_ANALYZER_NONNULL = YES;
				CLANG_ANALYZER_NUMBER_OBJECT_CONVERSION = YES_AGGRESSIVE;
				CLANG_CXX_LANGUAGE_STANDARD = "gnu++0x";
				CLANG_CXX_LIBRARY = "libc++";
				CLANG_ENABLE_MODULES = YES;
				CLANG_ENABLE_OBJC_ARC = YES;
				CLANG_WARN_BOOL_CONVERSION = YES;
				CLANG_WARN_CONSTANT_CONVERSION = YES;
				CLANG_WARN_DIRECT_OBJC_ISA_USAGE = YES_ERROR;
				CLANG_WARN_DOCUMENTATION_COMMENTS = YES;
				CLANG_WARN_EMPTY_BODY = YES;
				CLANG_WARN_ENUM_CONVERSION = YES;
				CLANG_WARN_INFINITE_RECURSION = YES;
				CLANG_WARN_INT_CONVERSION = YES;
				CLANG_WARN_OBJC_ROOT_CLASS = YES_ERROR;
				CLANG_WARN_SUSPICIOUS_MOVE = YES;
				CLANG_WARN_UNREACHABLE_CODE = YES;
				CLANG_WARN__DUPLICATE_METHOD_MATCH = YES;
				CODE_SIGN_IDENTITY = "-";
				COPY_PHASE_STRIP = NO;
				DEBUG_INFORMATION_FORMAT = dwarf;
				ENABLE_STRICT_OBJC_MSGSEND = YES;
				ENABLE_TESTABILITY = YES;
				GCC_C_LANGUAGE_STANDARD = gnu99;
				GCC_DYNAMIC_NO_PIC = NO;
				GCC_NO_COMMON_BLOCKS = YES;
				GCC_OPTIMIZATION_LEVEL = 0;
				GCC_PREPROCESSOR_DEFINITIONS = (
					"DEBUG=1",
					"$(inherited)",
				);
				GCC_WARN_64_TO_32_BIT_CONVERSION = YES;
				GCC_WARN_ABOUT_RETURN_TYPE = YES_ERROR;
				GCC_WARN_UNDECLARED_SELECTOR = YES;
				GCC_WARN_UNINITIALIZED_AUTOS = YES_AGGRESSIVE;
				GCC_WARN_UNUSED_FUNCTION = YES;
				GCC_WARN_UNUSED_VARIABLE = YES;
				MACOSX_DEPLOYMENT_TARGET = 10.12;
				MTL_ENABLE_DEBUG_INFO = YES;
				ONLY_ACTIVE_ARCH = YES;
				SDKROOT = macosx;
			};
			name = Debug;
		};
		D72DECB31ED3DA3B007018EA /* Release */ = {
			isa = XCBuildConfiguration;
			buildSettings = {
				ALWAYS_SEARCH_USER_PATHS = NO;
				CLANG_ANALYZER_NONNULL = YES;
				CLANG_ANALYZER_NUMBER_OBJECT_CONVERSION = YES_AGGRESSIVE;
				CLANG_CXX_LANGUAGE_STANDARD = "gnu++0x";
				CLANG_CXX_LIBRARY = "libc++";
				CLANG_ENABLE_MODULES = YES;
				CLANG_ENABLE_OBJC_ARC = YES;
				CLANG_WARN_BOOL_CONVERSION = YES;
				CLANG_WARN_CONSTANT_CONVERSION = YES;
				CLANG_WARN_DIRECT_OBJC_ISA_USAGE = YES_ERROR;
				CLANG_WARN_DOCUMENTATION_COMMENTS = YES;
				CLANG_WARN_EMPTY_BODY = YES;
				CLANG_WARN_ENUM_CONVERSION = YES;
				CLANG_WARN_INFINITE_RECURSION = YES;
				CLANG_WARN_INT_CONVERSION = YES;
				CLANG_WARN_OBJC_ROOT_CLASS = YES_ERROR;
				CLANG_WARN_SUSPICIOUS_MOVE = YES;
				CLANG_WARN_UNREACHABLE_CODE = YES;
				CLANG_WARN__DUPLICATE_METHOD_MATCH = YES;
				CODE_SIGN_IDENTITY = "-";
				COPY_PHASE_STRIP = NO;
				DEBUG_INFORMATION_FORMAT = "dwarf-with-dsym";
				ENABLE_NS_ASSERTIONS = NO;
				ENABLE_STRICT_OBJC_MSGSEND = YES;
				GCC_C_LANGUAGE_STANDARD = gnu99;
				GCC_NO_COMMON_BLOCKS = YES;
				GCC_WARN_64_TO_32_BIT_CONVERSION = YES;
				GCC_WARN_ABOUT_RETURN_TYPE = YES_ERROR;
				GCC_WARN_UNDECLARED_SELECTOR = YES;
				GCC_WARN_UNINITIALIZED_AUTOS = YES_AGGRESSIVE;
				GCC_WARN_UNUSED_FUNCTION = YES;
				GCC_WARN_UNUSED_VARIABLE = YES;
				MACOSX_DEPLOYMENT_TARGET = 10.12;
				MTL_ENABLE_DEBUG_INFO = NO;
				SDKROOT = macosx;
			};
			name = Release;
		};
		D72DECB51ED3DA3B007018EA /* Debug */ = {
			isa = XCBuildConfiguration;
			buildSettings = {
				PRODUCT_NAME = "$(TARGET_NAME)";
			};
			name = Debug;
		};
		D72DECB61ED3DA3B007018EA /* Release */ = {
			isa = XCBuildConfiguration;
			buildSettings = {
				PRODUCT_NAME = "$(TARGET_NAME)";
			};
			name = Release;
		};
/* End XCBuildConfiguration section */

/* Begin XCConfigurationList section */
		D72DECA81ED3DA3B007018EA /* Build configuration list for PBXProject "ToyotasAreCarsToo" */ = {
			isa = XCConfigurationList;
			buildConfigurations = (
				D72DECB21ED3DA3B007018EA /* Debug */,
				D72DECB31ED3DA3B007018EA /* Release */,
			);
			defaultConfigurationIsVisible = 0;
			defaultConfigurationName = Release;
		};
		D72DECB41ED3DA3B007018EA /* Build configuration list for PBXNativeTarget "ToyotasAreCarsToo" */ = {
			isa = XCConfigurationList;
			buildConfigurations = (
				D72DECB51ED3DA3B007018EA /* Debug */,
				D72DECB61ED3DA3B007018EA /* Release */,
			);
			defaultConfigurationIsVisible = 0;
		};
/* End XCConfigurationList section */
	};
	rootObject = D72DECA51ED3DA3B007018EA /* Project object */;
}
